// !$*UTF8*$!
{
	archiveVersion = 1;
	classes = {
	};
	objectVersion = 46;
	objects = {

/* Begin PBXBuildFile section */
		75A6B3821B4C94080079EC48 /* Data in Resources */ = {isa = PBXBuildFile; fileRef = 75A6B3811B4C94080079EC48 /* Data */; };
		75A7886F1B48718000B929D1 /* Images.xcassets in Resources */ = {isa = PBXBuildFile; fileRef = 75A7886E1B48718000B929D1 /* Images.xcassets */; };
		75A7888A1B48736200B929D1 /* main.cpp in Sources */ = {isa = PBXBuildFile; fileRef = 75A788881B48736200B929D1 /* main.cpp */; };
		75A7889A1B4873E100B929D1 /* SDL2.framework in Frameworks */ = {isa = PBXBuildFile; fileRef = 75A788931B4873A900B929D1 /* SDL2.framework */; };
/* End PBXBuildFile section */

/* Begin PBXContainerItemProxy section */
		75A788921B4873A900B929D1 /* PBXContainerItemProxy */ = {
			isa = PBXContainerItemProxy;
			containerPortal = 75A7888B1B4873A900B929D1 /* SDL.xcodeproj */;
			proxyType = 2;
			remoteGlobalIDString = BECDF66C0761BA81005FE872;
			remoteInfo = Framework;
		};
		75A788941B4873A900B929D1 /* PBXContainerItemProxy */ = {
			isa = PBXContainerItemProxy;
			containerPortal = 75A7888B1B4873A900B929D1 /* SDL.xcodeproj */;
			proxyType = 2;
			remoteGlobalIDString = BECDF6B30761BA81005FE872;
			remoteInfo = "Static Library";
		};
		75A788961B4873A900B929D1 /* PBXContainerItemProxy */ = {
			isa = PBXContainerItemProxy;
			containerPortal = 75A7888B1B4873A900B929D1 /* SDL.xcodeproj */;
			proxyType = 2;
			remoteGlobalIDString = DB31407717554B71006C0E22;
			remoteInfo = "Shared Library";
		};
		75A788981B4873A900B929D1 /* PBXContainerItemProxy */ = {
			isa = PBXContainerItemProxy;
			containerPortal = 75A7888B1B4873A900B929D1 /* SDL.xcodeproj */;
			proxyType = 2;
			remoteGlobalIDString = BECDF6BE0761BA81005FE872;
			remoteInfo = "Standard DMG";
		};
/* End PBXContainerItemProxy section */

/* Begin PBXFileReference section */
		75A6B37C1B4C91290079EC48 /* stb_image.h */ = {isa = PBXFileReference; fileEncoding = 4; lastKnownFileType = sourcecode.c.h; path = stb_image.h; sourceTree = "<group>"; };
		75A6B3811B4C94080079EC48 /* Data */ = {isa = PBXFileReference; lastKnownFileType = folder; name = Data; path = ../Data; sourceTree = "<group>"; };
		75A788641B48718000B929D1 /* pongbat.app */ = {isa = PBXFileReference; explicitFileType = wrapper.application; includeInIndex = 0; path = pongbat.app; sourceTree = BUILT_PRODUCTS_DIR; };
		75A788681B48718000B929D1 /* Info.plist */ = {isa = PBXFileReference; lastKnownFileType = text.plist.xml; path = Info.plist; sourceTree = "<group>"; };
		75A7886E1B48718000B929D1 /* Images.xcassets */ = {isa = PBXFileReference; lastKnownFileType = folder.assetcatalog; path = Images.xcassets; sourceTree = "<group>"; };
		75A788881B48736200B929D1 /* main.cpp */ = {isa = PBXFileReference; fileEncoding = 4; lastKnownFileType = sourcecode.cpp.cpp; path = main.cpp; sourceTree = "<group>"; usesTabs = 0; };
		75A7888B1B4873A900B929D1 /* SDL.xcodeproj */ = {isa = PBXFileReference; lastKnownFileType = "wrapper.pb-project"; name = SDL.xcodeproj; path = ../external/SDL/Xcode/SDL/SDL.xcodeproj; sourceTree = "<group>"; };
/* End PBXFileReference section */

/* Begin PBXFrameworksBuildPhase section */
		75A788611B48718000B929D1 /* Frameworks */ = {
			isa = PBXFrameworksBuildPhase;
			buildActionMask = 2147483647;
			files = (
				75A7889A1B4873E100B929D1 /* SDL2.framework in Frameworks */,
			);
			runOnlyForDeploymentPostprocessing = 0;
		};
/* End PBXFrameworksBuildPhase section */

/* Begin PBXGroup section */
		75A7885B1B48718000B929D1 = {
			isa = PBXGroup;
			children = (
				75A7888B1B4873A900B929D1 /* SDL.xcodeproj */,
				75A788871B48730700B929D1 /* src */,
				75A6B3811B4C94080079EC48 /* Data */,
				75A788661B48718000B929D1 /* Xcode-OSX */,
			);
			sourceTree = "<group>";
		};
		75A788651B48718000B929D1 /* Products */ = {
			isa = PBXGroup;
			children = (
				75A788641B48718000B929D1 /* pongbat.app */,
			);
			name = Products;
			path = ..;
			sourceTree = "<group>";
		};
		75A788661B48718000B929D1 /* Xcode-OSX */ = {
			isa = PBXGroup;
			children = (
				75A788651B48718000B929D1 /* Products */,
				75A7886E1B48718000B929D1 /* Images.xcassets */,
				75A788671B48718000B929D1 /* Supporting Files */,
			);
			name = "Xcode-OSX";
			path = pongbat;
			sourceTree = "<group>";
		};
		75A788671B48718000B929D1 /* Supporting Files */ = {
			isa = PBXGroup;
			children = (
				75A788681B48718000B929D1 /* Info.plist */,
			);
			name = "Supporting Files";
			sourceTree = "<group>";
		};
		75A788871B48730700B929D1 /* src */ = {
			isa = PBXGroup;
			children = (
				75A6B37C1B4C91290079EC48 /* stb_image.h */,
				75A788881B48736200B929D1 /* main.cpp */,
			);
			name = src;
			path = ../src;
			sourceTree = "<group>";
		};
		75A7888C1B4873A900B929D1 /* Products */ = {
			isa = PBXGroup;
			children = (
				75A788931B4873A900B929D1 /* SDL2.framework */,
				75A788951B4873A900B929D1 /* libSDL2.a */,
				75A788971B4873A900B929D1 /* libSDL2.dylib */,
				75A788991B4873A900B929D1 /* Standard DMG */,
			);
			name = Products;
			sourceTree = "<group>";
		};
/* End PBXGroup section */

/* Begin PBXNativeTarget section */
		75A788631B48718000B929D1 /* pongbat */ = {
			isa = PBXNativeTarget;
			buildConfigurationList = 75A788811B48718000B929D1 /* Build configuration list for PBXNativeTarget "pongbat" */;
			buildPhases = (
				75A788601B48718000B929D1 /* Sources */,
				75A788611B48718000B929D1 /* Frameworks */,
				75A788621B48718000B929D1 /* Resources */,
			);
			buildRules = (
			);
			dependencies = (
			);
			name = pongbat;
			productName = pongbat;
			productReference = 75A788641B48718000B929D1 /* pongbat.app */;
			productType = "com.apple.product-type.application";
		};
/* End PBXNativeTarget section */

/* Begin PBXProject section */
		75A7885C1B48718000B929D1 /* Project object */ = {
			isa = PBXProject;
			attributes = {
				LastUpgradeCheck = 0640;
				ORGANIZATIONNAME = "David Ludwig";
				TargetAttributes = {
					75A788631B48718000B929D1 = {
						CreatedOnToolsVersion = 6.4;
					};
				};
			};
			buildConfigurationList = 75A7885F1B48718000B929D1 /* Build configuration list for PBXProject "pongbat" */;
			compatibilityVersion = "Xcode 3.2";
			developmentRegion = English;
			hasScannedForEncodings = 0;
			knownRegions = (
				en,
				Base,
			);
			mainGroup = 75A7885B1B48718000B929D1;
			productRefGroup = 75A788651B48718000B929D1 /* Products */;
			projectDirPath = "";
			projectReferences = (
				{
					ProductGroup = 75A7888C1B4873A900B929D1 /* Products */;
					ProjectRef = 75A7888B1B4873A900B929D1 /* SDL.xcodeproj */;
				},
			);
			projectRoot = "";
			targets = (
				75A788631B48718000B929D1 /* pongbat */,
			);
		};
/* End PBXProject section */

/* Begin PBXReferenceProxy section */
		75A788931B4873A900B929D1 /* SDL2.framework */ = {
			isa = PBXReferenceProxy;
			fileType = wrapper.framework;
			path = SDL2.framework;
			remoteRef = 75A788921B4873A900B929D1 /* PBXContainerItemProxy */;
			sourceTree = BUILT_PRODUCTS_DIR;
		};
		75A788951B4873A900B929D1 /* libSDL2.a */ = {
			isa = PBXReferenceProxy;
			fileType = archive.ar;
			path = libSDL2.a;
			remoteRef = 75A788941B4873A900B929D1 /* PBXContainerItemProxy */;
			sourceTree = BUILT_PRODUCTS_DIR;
		};
		75A788971B4873A900B929D1 /* libSDL2.dylib */ = {
			isa = PBXReferenceProxy;
			fileType = "compiled.mach-o.dylib";
			path = libSDL2.dylib;
			remoteRef = 75A788961B4873A900B929D1 /* PBXContainerItemProxy */;
			sourceTree = BUILT_PRODUCTS_DIR;
		};
		75A788991B4873A900B929D1 /* Standard DMG */ = {
			isa = PBXReferenceProxy;
			fileType = "compiled.mach-o.executable";
			path = "Standard DMG";
			remoteRef = 75A788981B4873A900B929D1 /* PBXContainerItemProxy */;
			sourceTree = BUILT_PRODUCTS_DIR;
		};
/* End PBXReferenceProxy section */

/* Begin PBXResourcesBuildPhase section */
		75A788621B48718000B929D1 /* Resources */ = {
			isa = PBXResourcesBuildPhase;
			buildActionMask = 2147483647;
			files = (
				75A6B3821B4C94080079EC48 /* Data in Resources */,
				75A7886F1B48718000B929D1 /* Images.xcassets in Resources */,
			);
			runOnlyForDeploymentPostprocessing = 0;
		};
/* End PBXResourcesBuildPhase section */

/* Begin PBXSourcesBuildPhase section */
		75A788601B48718000B929D1 /* Sources */ = {
			isa = PBXSourcesBuildPhase;
			buildActionMask = 2147483647;
			files = (
				75A7888A1B48736200B929D1 /* main.cpp in Sources */,
			);
			runOnlyForDeploymentPostprocessing = 0;
		};
/* End PBXSourcesBuildPhase section */

/* Begin XCBuildConfiguration section */
		75A7887F1B48718000B929D1 /* Debug */ = {
			isa = XCBuildConfiguration;
			buildSettings = {
				ALWAYS_SEARCH_USER_PATHS = NO;
				CLANG_CXX_LANGUAGE_STANDARD = "gnu++0x";
				CLANG_CXX_LIBRARY = "libc++";
				CLANG_ENABLE_MODULES = YES;
				CLANG_ENABLE_OBJC_ARC = YES;
				CLANG_WARN_BOOL_CONVERSION = YES;
				CLANG_WARN_CONSTANT_CONVERSION = YES;
				CLANG_WARN_DIRECT_OBJC_ISA_USAGE = YES_ERROR;
				CLANG_WARN_EMPTY_BODY = YES;
				CLANG_WARN_ENUM_CONVERSION = YES;
				CLANG_WARN_INT_CONVERSION = YES;
				CLANG_WARN_OBJC_ROOT_CLASS = YES_ERROR;
				CLANG_WARN_UNREACHABLE_CODE = YES;
				CLANG_WARN__DUPLICATE_METHOD_MATCH = YES;
				CODE_SIGN_IDENTITY = "-";
				COPY_PHASE_STRIP = NO;
				DEBUG_INFORMATION_FORMAT = dwarf;
				ENABLE_STRICT_OBJC_MSGSEND = YES;
				GCC_C_LANGUAGE_STANDARD = gnu99;
				GCC_DYNAMIC_NO_PIC = NO;
				GCC_NO_COMMON_BLOCKS = YES;
				GCC_OPTIMIZATION_LEVEL = 0;
				GCC_PREPROCESSOR_DEFINITIONS = (
					"DEBUG=1",
					"$(inherited)",
				);
				GCC_SYMBOLS_PRIVATE_EXTERN = NO;
				GCC_WARN_64_TO_32_BIT_CONVERSION = YES;
				GCC_WARN_ABOUT_RETURN_TYPE = YES_ERROR;
				GCC_WARN_UNDECLARED_SELECTOR = YES;
				GCC_WARN_UNINITIALIZED_AUTOS = YES_AGGRESSIVE;
				GCC_WARN_UNUSED_FUNCTION = YES;
				GCC_WARN_UNUSED_VARIABLE = YES;
				MACOSX_DEPLOYMENT_TARGET = 10.10;
				MTL_ENABLE_DEBUG_INFO = YES;
				ONLY_ACTIVE_ARCH = YES;
				SDKROOT = macosx;
			};
			name = Debug;
		};
		75A788801B48718000B929D1 /* Release */ = {
			isa = XCBuildConfiguration;
			buildSettings = {
				ALWAYS_SEARCH_USER_PATHS = NO;
				CLANG_CXX_LANGUAGE_STANDARD = "gnu++0x";
				CLANG_CXX_LIBRARY = "libc++";
				CLANG_ENABLE_MODULES = YES;
				CLANG_ENABLE_OBJC_ARC = YES;
				CLANG_WARN_BOOL_CONVERSION = YES;
				CLANG_WARN_CONSTANT_CONVERSION = YES;
				CLANG_WARN_DIRECT_OBJC_ISA_USAGE = YES_ERROR;
				CLANG_WARN_EMPTY_BODY = YES;
				CLANG_WARN_ENUM_CONVERSION = YES;
				CLANG_WARN_INT_CONVERSION = YES;
				CLANG_WARN_OBJC_ROOT_CLASS = YES_ERROR;
				CLANG_WARN_UNREACHABLE_CODE = YES;
				CLANG_WARN__DUPLICATE_METHOD_MATCH = YES;
				CODE_SIGN_IDENTITY = "-";
				COPY_PHASE_STRIP = NO;
				DEBUG_INFORMATION_FORMAT = "dwarf-with-dsym";
				ENABLE_NS_ASSERTIONS = NO;
				ENABLE_STRICT_OBJC_MSGSEND = YES;
				GCC_C_LANGUAGE_STANDARD = gnu99;
				GCC_NO_COMMON_BLOCKS = YES;
				GCC_WARN_64_TO_32_BIT_CONVERSION = YES;
				GCC_WARN_ABOUT_RETURN_TYPE = YES_ERROR;
				GCC_WARN_UNDECLARED_SELECTOR = YES;
				GCC_WARN_UNINITIALIZED_AUTOS = YES_AGGRESSIVE;
				GCC_WARN_UNUSED_FUNCTION = YES;
				GCC_WARN_UNUSED_VARIABLE = YES;
				MACOSX_DEPLOYMENT_TARGET = 10.10;
				MTL_ENABLE_DEBUG_INFO = NO;
				SDKROOT = macosx;
			};
			name = Release;
		};
		75A788821B48718000B929D1 /* Debug */ = {
			isa = XCBuildConfiguration;
			buildSettings = {
				COMBINE_HIDPI_IMAGES = YES;
				HEADER_SEARCH_PATHS = (
					"$(inherited)",
					/Applications/Xcode.app/Contents/Developer/Toolchains/XcodeDefault.xctoolchain/usr/include,
					"$(PROJECT_DIR)/../external/SDL/include",
				);
				INFOPLIST_FILE = "$(SRCROOT)/Info.plist";
				LD_RUNPATH_SEARCH_PATHS = "$(inherited) @executable_path/../Frameworks";
				MACOSX_DEPLOYMENT_TARGET = 10.7;
				PRODUCT_NAME = "$(TARGET_NAME)";
			};
			name = Debug;
		};
		75A788831B48718000B929D1 /* Release */ = {
			isa = XCBuildConfiguration;
			buildSettings = {
				COMBINE_HIDPI_IMAGES = YES;
				HEADER_SEARCH_PATHS = (
					"$(inherited)",
					/Applications/Xcode.app/Contents/Developer/Toolchains/XcodeDefault.xctoolchain/usr/include,
					"$(PROJECT_DIR)/../external/SDL/include",
				);
				INFOPLIST_FILE = "$(SRCROOT)/Info.plist";
				LD_RUNPATH_SEARCH_PATHS = "$(inherited) @executable_path/../Frameworks";
				MACOSX_DEPLOYMENT_TARGET = 10.7;
				PRODUCT_NAME = "$(TARGET_NAME)";
			};
			name = Release;
		};
/* End XCBuildConfiguration section */

/* Begin XCConfigurationList section */
		75A7885F1B48718000B929D1 /* Build configuration list for PBXProject "pongbat" */ = {
			isa = XCConfigurationList;
			buildConfigurations = (
				75A7887F1B48718000B929D1 /* Debug */,
				75A788801B48718000B929D1 /* Release */,
			);
			defaultConfigurationIsVisible = 0;
			defaultConfigurationName = Release;
		};
		75A788811B48718000B929D1 /* Build configuration list for PBXNativeTarget "pongbat" */ = {
			isa = XCConfigurationList;
			buildConfigurations = (
				75A788821B48718000B929D1 /* Debug */,
				75A788831B48718000B929D1 /* Release */,
			);
			defaultConfigurationIsVisible = 0;
			defaultConfigurationName = Release;
		};
/* End XCConfigurationList section */
	};
	rootObject = 75A7885C1B48718000B929D1 /* Project object */;
}
